
Microsoft Visual Studio Solution File, Format Version 12.00
# Visual Studio 15
VisualStudioVersion = 15.0.28307.168
MinimumVisualStudioVersion = 10.0.40219.1
Project("{FAE04EC0-301F-11D3-BF4B-00C04F79EFBC}") = "EuropeanCulture", "EuropeanCulture\EuropeanCulture.csproj", "{AF193E85-636B-40C7-BF96-FE22A46C3F83}"
EndProject
Global
	GlobalSection(SolutionConfigurationPlatforms) = preSolution
		Debug|Any CPU = Debug|Any CPU
		Release|Any CPU = Release|Any CPU
	EndGlobalSection
	GlobalSection(ProjectConfigurationPlatforms) = postSolution
		{AF193E85-636B-40C7-BF96-FE22A46C3F83}.Debug|Any CPU.ActiveCfg = Debug|Any CPU
		{AF193E85-636B-40C7-BF96-FE22A46C3F83}.Debug|Any CPU.Build.0 = Debug|Any CPU
		{AF193E85-636B-40C7-BF96-FE22A46C3F83}.Release|Any CPU.ActiveCfg = Release|Any CPU
		{AF193E85-636B-40C7-BF96-FE22A46C3F83}.Release|Any CPU.Build.0 = Release|Any CPU
	EndGlobalSection
	GlobalSection(SolutionProperties) = preSolution
		HideSolutionNode = FALSE
	EndGlobalSection
	GlobalSection(ExtensibilityGlobals) = postSolution
		SolutionGuid = {80801FA6-9E6A-4722-8A79-847969A2EE48}
	EndGlobalSection
EndGlobal
